
Microsoft Visual Studio Solution File, Format Version 12.00
# Visual Studio Version 17
VisualStudioVersion = 17.2.32616.157
MinimumVisualStudioVersion = 10.0.40219.1
Project("{FAE04EC0-301F-11D3-BF4B-00C04F79EFBC}") = "ComputingArea", "ComputingSquare\ComputingArea.csproj", "{0A4855C7-CA03-4FF1-B3EC-60A177961B23}"
EndProject
Global
	GlobalSection(SolutionConfigurationPlatforms) = preSolution
		Debug|Any CPU = Debug|Any CPU
		Release|Any CPU = Release|Any CPU
	EndGlobalSection
	GlobalSection(ProjectConfigurationPlatforms) = postSolution
		{0A4855C7-CA03-4FF1-B3EC-60A177961B23}.Debug|Any CPU.ActiveCfg = Debug|Any CPU
		{0A4855C7-CA03-4FF1-B3EC-60A177961B23}.Debug|Any CPU.Build.0 = Debug|Any CPU
		{0A4855C7-CA03-4FF1-B3EC-60A177961B23}.Release|Any CPU.ActiveCfg = Release|Any CPU
		{0A4855C7-CA03-4FF1-B3EC-60A177961B23}.Release|Any CPU.Build.0 = Release|Any CPU
	EndGlobalSection
	GlobalSection(SolutionProperties) = preSolution
		HideSolutionNode = FALSE
	EndGlobalSection
	GlobalSection(ExtensibilityGlobals) = postSolution
		SolutionGuid = {8AB12BE1-71F2-4BF7-AD30-E210A1CE7FAA}
	EndGlobalSection
EndGlobal
